version = 1
revision = 3
requires-python = "==3.12.*"
resolution-markers = [
    "sys_platform == 'win32'",
    "sys_platform == 'emscripten'",
    "sys_platform != 'emscripten' and sys_platform != 'win32'",
]

[[package]]
name = "benchplots"
version = "0.1.0"
source = { editable = "." }
dependencies = [
    { name = "jinja2" },
    { name = "matplotlib" },
    { name = "networkx" },
    { name = "numpy" },
    { name = "pandas" },
    { name = "seaborn" },
]

[package.metadata]
requires-dist = [
    { name = "jinja2", specifier = ">=3.1" },
    { name = "matplotlib", specifier = ">=3.9" },
    { name = "networkx", specifier = ">=3.3" },
    { name = "numpy", specifier = ">=2.0" },
    { name = "pandas", specifier = ">=2.2" },
    { name = "seaborn", specifier = ">=0.13" },
]

[[package]]
name = "contourpy"
version = "1.3.3"
source = { registry = "https://pypi.org/simple" }
dependencies = [
    { name = "numpy" },
]
sdist = { url = "https://files.pythonhosted.org/packages/58/01/1253e6698a07380cd31a736d248a3f2a50a7c88779a1813da27503cadc2a/contourpy-1.3.3.tar.gz", hash = "sha256:083e12155b210502d0bca491432bb04d56dc3432f95a979b429f2848c3dbe880", size = 13466174, upload-time = "2025-07-26T12:03:12.549Z" }
wheels = [
    { url = "https://files.pythonhosted.org/packages/be/45/adfee365d9ea3d853550b2e735f9d66366701c65db7855cd07621732ccfc/contourpy-1.3.3-cp312-cp312-macosx_10_13_x86_64.whl", hash = "sha256:b08a32ea2f8e42cf1d4be3169a98dd4be32bafe4f22b6c4cb4ba810fa9e5d2cb", size = 293419, upload-time = "2025-07-26T12:01:21.16Z" },
    { url = "https://files.pythonhosted.org/packages/53/3e/405b59cfa13021a56bba395a6b3aca8cec012b45bf177b0eaf7a202cde2c/contourpy-1.3.3-cp312-cp312-macosx_11_0_arm64.whl", hash = "sha256:556dba8fb6f5d8742f2923fe9457dbdd51e1049c4a43fd3986a0b14a1d815fc6", size = 273979, upload-time = "2025-07-26T12:01:22.448Z" },
    { url = "https://files.pythonhosted.org/packages/d4/1c/a12359b9b2ca3a845e8f7f9ac08bdf776114eb931392fcad91743e2ea17b/contourpy-1.3.3-cp312-cp312-manylinux_2_26_aarch64.manylinux_2_28_aarch64.whl", hash = "sha256:92d9abc807cf7d0e047b95ca5d957cf4792fcd04e920ca70d48add15c1a90ea7", size = 332653, upload-time = "2025-07-26T12:01:24.155Z" },
    { url = "https://files.pythonhosted.org/packages/63/12/897aeebfb475b7748ea67b61e045accdfcf0d971f8a588b67108ed7f5512/contourpy-1.3.3-cp312-cp312-manylinux_2_26_ppc64le.manylinux_2_28_ppc64le.whl", hash = "sha256:b2e8faa0ed68cb29af51edd8e24798bb661eac3bd9f65420c1887b6ca89987c8", size = 379536, upload-time = "2025-07-26T12:01:25.91Z" },
    { url = "https://files.pythonhosted.org/packages/43/8a/a8c584b82deb248930ce069e71576fc09bd7174bbd35183b7943fb1064fd/contourpy-1.3.3-cp312-cp312-manylinux_2_26_s390x.manylinux_2_28_s390x.whl", hash = "sha256:626d60935cf668e70a5ce6ff184fd713e9683fb458898e4249b63be9e28286ea", size = 384397, upload-time = "2025-07-26T12:01:27.152Z" },
    { url = "https://files.pythonhosted.org/packages/cc/8f/ec6289987824b29529d0dfda0d74a07cec60e54b9c92f3c9da4c0ac732de/contourpy-1.3.3-cp312-cp312-manylinux_2_27_x86_64.manylinux_2_28_x86_64.whl", hash = "sha256:4d00e655fcef08aba35ec9610536bfe90267d7ab5ba944f7032549c55a146da1", size = 362601, upload-time = "2025-07-26T12:01:28.808Z" },
    { url = "https://files.pythonhosted.org/packages/05/0a/a3fe3be3ee2dceb3e615ebb4df97ae6f3828aa915d3e10549ce016302bd1/contourpy-1.3.3-cp312-cp312-musllinux_1_2_aarch64.whl", hash = "sha256:451e71b5a7d597379ef572de31eeb909a87246974d960049a9848c3bc6c41bf7", size = 1331288, upload-time = "2025-07-26T12:01:31.198Z" },
    { url = "https://files.pythonhosted.org/packages/33/1d/acad9bd4e97f13f3e2b18a3977fe1b4a37ecf3d38d815333980c6c72e963/contourpy-1.3.3-cp312-cp312-musllinux_1_2_x86_64.whl", hash = "sha256:459c1f020cd59fcfe6650180678a9993932d80d44ccde1fa1868977438f0b411", size = 1403386, upload-time = "2025-07-26T12:01:33.947Z" },
    { url = "https://files.pythonhosted.org/packages/cf/8f/5847f44a7fddf859704217a99a23a4f6417b10e5ab1256a179264561540e/contourpy-1.3.3-cp312-cp312-win32.whl", hash = "sha256:023b44101dfe49d7d53932be418477dba359649246075c996866106da069af69", size = 185018, upload-time = "2025-07-26T12:01:35.64Z" },
    { url = "https://files.pythonhosted.org/packages/19/e8/6026ed58a64563186a9ee3f29f41261fd1828f527dd93d33b60feca63352/contourpy-1.3.3-cp312-cp312-win_amd64.whl", hash = "sha256:8153b8bfc11e1e4d75bcb0bff1db232f9e10b274e0929de9d608027e0d34ff8b", size = 226567, upload-time = "2025-07-26T12:01:36.804Z" },
    { url = "https://files.pythonhosted.org/packages/d1/e2/f05240d2c39a1ed228d8328a78b6f44cd695f7ef47beb3e684cf93604f86/contourpy-1.3.3-cp312-cp312-win_arm64.whl", hash = "sha256:07ce5ed73ecdc4a03ffe3e1b3e3c1166db35ae7584be76f65dbbe28a7791b0cc", size = 193655, upload-time = "2025-07-26T12:01:37.999Z" },
]

[[package]]
name = "cycler"
version = "0.12.1"
source = { registry = "https://pypi.org/simple" }
sdist = { url = "https://files.pythonhosted.org/packages/a9/95/a3dbbb5028f35eafb79008e7522a75244477d2838f38cbb722248dabc2a8/cycler-0.12.1.tar.gz", hash = "sha256:88bb128f02ba341da8ef447245a9e138fae777f6a23943da4540077d3601eb1c", size = 7615, upload-time = "2023-10-07T05:32:18.335Z" }
wheels = [
    { url = "https://files.pythonhosted.org/packages/e7/05/c19819d5e3d95294a6f5947fb9b9629efb316b96de511b418c53d245aae6/cycler-0.12.1-py3-none-any.whl", hash = "sha256:85cef7cff222d8644161529808465972e51340599459b8ac3ccbac5a854e0d30", size = 8321, upload-time = "2023-10-07T05:32:16.783Z" },
]

[[package]]
name = "fonttools"
version = "4.62.1"
source = { registry = "https://pypi.org/simple" }
sdist = { url = "https://files.pythonhosted.org/packages/9a/08/7012b00a9a5874311b639c3920270c36ee0c445b69d9989a85e5c92ebcb0/fonttools-4.62.1.tar.gz", hash = "sha256:e54c75fd6041f1122476776880f7c3c3295ffa31962dc6ebe2543c00dca58b5d", size = 3580737, upload-time = "2026-03-13T13:54:25.52Z" }
wheels = [
    { url = "https://files.pythonhosted.org/packages/47/d4/dbacced3953544b9a93088cc10ef2b596d348c983d5c67a404fa41ec51ba/fonttools-4.62.1-cp312-cp312-macosx_10_13_universal2.whl", hash = "sha256:90365821debbd7db678809c7491ca4acd1e0779b9624cdc6ddaf1f31992bf974", size = 2870219, upload-time = "2026-03-13T13:52:53.664Z" },
    { url = "https://files.pythonhosted.org/packages/66/9e/a769c8e99b81e5a87ab7e5e7236684de4e96246aae17274e5347d11ebd78/fonttools-4.62.1-cp312-cp312-macosx_10_13_x86_64.whl", hash = "sha256:12859ff0b47dd20f110804c3e0d0970f7b832f561630cd879969011541a464a9", size = 2414891, upload-time = "2026-03-13T13:52:56.493Z" },
    { url = "https://files.pythonhosted.org/packages/69/64/f19a9e3911968c37e1e620e14dfc5778299e1474f72f4e57c5ec771d9489/fonttools-4.62.1-cp312-cp312-manylinux2014_aarch64.manylinux_2_17_aarch64.manylinux_2_28_aarch64.whl", hash = "sha256:9c125ffa00c3d9003cdaaf7f2c79e6e535628093e14b5de1dccb08859b680936", size = 5033197, upload-time = "2026-03-13T13:52:59.179Z" },
    { url = "https://files.pythonhosted.org/packages/9b/8a/99c8b3c3888c5c474c08dbfd7c8899786de9604b727fcefb055b42c84bba/fonttools-4.62.1-cp312-cp312-manylinux2014_x86_64.manylinux_2_17_x86_64.whl", hash = "sha256:149f7d84afca659d1a97e39a4778794a2f83bf344c5ee5134e09995086cc2392", size = 4988768, upload-time = "2026-03-13T13:53:02.761Z" },
    { url = "https://files.pythonhosted.org/packages/d1/c6/0f904540d3e6ab463c1243a0d803504826a11604c72dd58c2949796a1762/fonttools-4.62.1-cp312-cp312-musllinux_1_2_aarch64.whl", hash = "sha256:0aa72c43a601cfa9273bb1ae0518f1acadc01ee181a6fc60cd758d7fdadffc04", size = 4971512, upload-time = "2026-03-13T13:53:05.678Z" },
    { url = "https://files.pythonhosted.org/packages/29/0b/5cbef6588dc9bd6b5c9ad6a4d5a8ca384d0cea089da31711bbeb4f9654a6/fonttools-4.62.1-cp312-cp312-musllinux_1_2_x86_64.whl", hash = "sha256:19177c8d96c7c36359266e571c5173bcee9157b59cfc8cb0153c5673dc5a3a7d", size = 5122723, upload-time = "2026-03-13T13:53:08.662Z" },
    { url = "https://files.pythonhosted.org/packages/4a/47/b3a5342d381595ef439adec67848bed561ab7fdb1019fa522e82101b7d9c/fonttools-4.62.1-cp312-cp312-win32.whl", hash = "sha256:a24decd24d60744ee8b4679d38e88b8303d86772053afc29b19d23bb8207803c", size = 2281278, upload-time = "2026-03-13T13:53:10.998Z" },
    { url = "https://files.pythonhosted.org/packages/28/b1/0c2ab56a16f409c6c8a68816e6af707827ad5d629634691ff60a52879792/fonttools-4.62.1-cp312-cp312-win_amd64.whl", hash = "sha256:9e7863e10b3de72376280b515d35b14f5eeed639d1aa7824f4cf06779ec65e42", size = 2331414, upload-time = "2026-03-13T13:53:13.992Z" },
    { url = "https://files.pythonhosted.org/packages/fd/ba/56147c165442cc5ba7e82ecf301c9a68353cede498185869e6e02b4c264f/fonttools-4.62.1-py3-none-any.whl", hash = "sha256:7487782e2113861f4ddcc07c3436450659e3caa5e470b27dc2177cade2d8e7fd", size = 1152647, upload-time = "2026-03-13T13:54:22.735Z" },
]

[[package]]
name = "jinja2"
version = "3.1.6"
source = { registry = "https://pypi.org/simple" }
dependencies = [
    { name = "markupsafe" },
]
sdist = { url = "https://files.pythonhosted.org/packages/df/bf/f7da0350254c0ed7c72f3e33cef02e048281fec7ecec5f032d4aac52226b/jinja2-3.1.6.tar.gz", hash = "sha256:0137fb05990d35f1275a587e9aee6d56da821fc83491a0fb838183be43f66d6d", size = 245115, upload-time = "2025-03-05T20:05:02.478Z" }
wheels = [
    { url = "https://files.pythonhosted.org/packages/62/a1/3d680cbfd5f4b8f15abc1d571870c5fc3e594bb582bc3b64ea099db13e56/jinja2-3.1.6-py3-none-any.whl", hash = "sha256:85ece4451f492d0c13c5dd7c13a64681a86afae63a5f347908daf103ce6d2f67", size = 134899, upload-time = "2025-03-05T20:05:00.369Z" },
]

[[package]]
name = "kiwisolver"
version = "1.5.0"
source = { registry = "https://pypi.org/simple" }
sdist = { url = "https://files.pythonhosted.org/packages/d0/67/9c61eccb13f0bdca9307614e782fec49ffdde0f7a2314935d489fa93cd9c/kiwisolver-1.5.0.tar.gz", hash = "sha256:d4193f3d9dc3f6f79aaed0e5637f45d98850ebf01f7ca20e69457f3e8946b66a", size = 103482, upload-time = "2026-03-09T13:15:53.382Z" }
wheels = [
    { url = "https://files.pythonhosted.org/packages/4d/b2/818b74ebea34dabe6d0c51cb1c572e046730e64844da6ed646d5298c40ce/kiwisolver-1.5.0-cp312-cp312-macosx_10_13_universal2.whl", hash = "sha256:4e9750bc21b886308024f8a54ccb9a2cc38ac9fa813bf4348434e3d54f337ff9", size = 123158, upload-time = "2026-03-09T13:13:23.127Z" },
    { url = "https://files.pythonhosted.org/packages/bf/d9/405320f8077e8e1c5c4bd6adc45e1e6edf6d727b6da7f2e2533cf58bff71/kiwisolver-1.5.0-cp312-cp312-macosx_10_13_x86_64.whl", hash = "sha256:72ec46b7eba5b395e0a7b63025490d3214c11013f4aacb4f5e8d6c3041829588", size = 66388, upload-time = "2026-03-09T13:13:24.765Z" },
    { url = "https://files.pythonhosted.org/packages/99/9f/795fedf35634f746151ca8839d05681ceb6287fbed6cc1c9bf235f7887c2/kiwisolver-1.5.0-cp312-cp312-macosx_11_0_arm64.whl", hash = "sha256:ed3a984b31da7481b103f68776f7128a89ef26ed40f4dc41a2223cda7fb24819", size = 64068, upload-time = "2026-03-09T13:13:25.878Z" },
    { url = "https://files.pythonhosted.org/packages/c4/13/680c54afe3e65767bed7ec1a15571e1a2f1257128733851ade24abcefbcc/kiwisolver-1.5.0-cp312-cp312-manylinux2014_x86_64.manylinux_2_17_x86_64.whl", hash = "sha256:bb5136fb5352d3f422df33f0c879a1b0c204004324150cc3b5e3c4f310c9049f", size = 1477934, upload-time = "2026-03-09T13:13:27.166Z" },
    { url = "https://files.pythonhosted.org/packages/c8/2f/cebfcdb60fd6a9b0f6b47a9337198bcbad6fbe15e68189b7011fd914911f/kiwisolver-1.5.0-cp312-cp312-manylinux_2_24_aarch64.manylinux_2_28_aarch64.whl", hash = "sha256:b2af221f268f5af85e776a73d62b0845fc8baf8ef0abfae79d29c77d0e776aaf", size = 1278537, upload-time = "2026-03-09T13:13:28.707Z" },
    { url = "https://files.pythonhosted.org/packages/f2/0d/9b782923aada3fafb1d6b84e13121954515c669b18af0c26e7d21f579855/kiwisolver-1.5.0-cp312-cp312-manylinux_2_24_ppc64le.manylinux_2_28_ppc64le.whl", hash = "sha256:b0f172dc8ffaccb8522d7c5d899de00133f2f1ca7b0a49b7da98e901de87bf2d", size = 1296685, upload-time = "2026-03-09T13:13:30.528Z" },
    { url = "https://files.pythonhosted.org/packages/27/70/83241b6634b04fe44e892688d5208332bde130f38e610c0418f9ede47ded/kiwisolver-1.5.0-cp312-cp312-manylinux_2_24_s390x.manylinux_2_28_s390x.whl", hash = "sha256:6ab8ba9152203feec73758dad83af9a0bbe05001eb4639e547207c40cfb52083", size = 1346024, upload-time = "2026-03-09T13:13:32.818Z" },
    { url = "https://files.pythonhosted.org/packages/e4/db/30ed226fb271ae1a6431fc0fe0edffb2efe23cadb01e798caeb9f2ceae8f/kiwisolver-1.5.0-cp312-cp312-manylinux_2_39_riscv64.whl", hash = "sha256:cdee07c4d7f6d72008d3f73b9bf027f4e11550224c7c50d8df1ae4a37c1402a6", size = 987241, upload-time = "2026-03-09T13:13:34.435Z" },
    { url = "https://files.pythonhosted.org/packages/ec/bd/c314595208e4c9587652d50959ead9e461995389664e490f4dce7ff0f782/kiwisolver-1.5.0-cp312-cp312-musllinux_1_2_aarch64.whl", hash = "sha256:7c60d3c9b06fb23bd9c6139281ccbdc384297579ae037f08ae90c69f6845c0b1", size = 2227742, upload-time = "2026-03-09T13:13:36.4Z" },
    { url = "https://files.pythonhosted.org/packages/c1/43/0499cec932d935229b5543d073c2b87c9c22846aab48881e9d8d6e742a2d/kiwisolver-1.5.0-cp312-cp312-musllinux_1_2_ppc64le.whl", hash = "sha256:e315e5ec90d88e140f57696ff85b484ff68bb311e36f2c414aa4286293e6dee0", size = 2323966, upload-time = "2026-03-09T13:13:38.204Z" },
    { url = "https://files.pythonhosted.org/packages/3d/6f/79b0d760907965acfd9d61826a3d41f8f093c538f55cd2633d3f0db269f6/kiwisolver-1.5.0-cp312-cp312-musllinux_1_2_riscv64.whl", hash = "sha256:1465387ac63576c3e125e5337a6892b9e99e0627d52317f3ca79e6930d889d15", size = 1977417, upload-time = "2026-03-09T13:13:39.966Z" },
    { url = "https://files.pythonhosted.org/packages/ab/31/01d0537c41cb75a551a438c3c7a80d0c60d60b81f694dac83dd436aec0d0/kiwisolver-1.5.0-cp312-cp312-musllinux_1_2_s390x.whl", hash = "sha256:530a3fd64c87cffa844d4b6b9768774763d9caa299e9b75d8eca6a4423b31314", size = 2491238, upload-time = "2026-03-09T13:13:41.698Z" },
    { url = "https://files.pythonhosted.org/packages/e4/34/8aefdd0be9cfd00a44509251ba864f5caf2991e36772e61c408007e7f417/kiwisolver-1.5.0-cp312-cp312-musllinux_1_2_x86_64.whl", hash = "sha256:1d9daea4ea6b9be74fe2f01f7fbade8d6ffab263e781274cffca0dba9be9eec9", size = 2294947, upload-time = "2026-03-09T13:13:43.343Z" },
    { url = "https://files.pythonhosted.org/packages/ad/cf/0348374369ca588f8fe9c338fae49fa4e16eeb10ffb3d012f23a54578a9e/kiwisolver-1.5.0-cp312-cp312-win_amd64.whl", hash = "sha256:f18c2d9782259a6dc132fdc7a63c168cbc74b35284b6d75c673958982a378384", size = 73569, upload-time = "2026-03-09T13:13:45.792Z" },
    { url = "https://files.pythonhosted.org/packages/28/26/192b26196e2316e2bd29deef67e37cdf9870d9af8e085e521afff0fed526/kiwisolver-1.5.0-cp312-cp312-win_arm64.whl", hash = "sha256:f7c7553b13f69c1b29a5bde08ddc6d9d0c8bfb84f9ed01c30db25944aeb852a7", size = 64997, upload-time = "2026-03-09T13:13:46.878Z" },
    { url = "https://files.pythonhosted.org/packages/1c/fa/2910df836372d8761bb6eff7d8bdcb1613b5c2e03f260efe7abe34d388a7/kiwisolver-1.5.0-graalpy312-graalpy250_312_native-macosx_10_13_x86_64.whl", hash = "sha256:5ae8e62c147495b01a0f4765c878e9bfdf843412446a247e28df59936e99e797", size = 130262, upload-time = "2026-03-09T13:15:35.629Z" },
    { url = "https://files.pythonhosted.org/packages/0f/41/c5f71f9f00aabcc71fee8b7475e3f64747282580c2fe748961ba29b18385/kiwisolver-1.5.0-graalpy312-graalpy250_312_native-macosx_11_0_arm64.whl", hash = "sha256:f6764a4ccab3078db14a632420930f6186058750df066b8ea2a7106df91d3203", size = 138036, upload-time = "2026-03-09T13:15:36.894Z" },
    { url = "https://files.pythonhosted.org/packages/fa/06/7399a607f434119c6e1fdc8ec89a8d51ccccadf3341dee4ead6bd14caaf5/kiwisolver-1.5.0-graalpy312-graalpy250_312_native-manylinux_2_24_x86_64.manylinux_2_28_x86_64.whl", hash = "sha256:c31c13da98624f957b0fb1b5bae5383b2333c2c3f6793d9825dd5ce79b525cb7", size = 194295, upload-time = "2026-03-09T13:15:38.22Z" },
    { url = "https://files.pythonhosted.org/packages/b5/91/53255615acd2a1eaca307ede3c90eb550bae9c94581f8c00081b6b1c8f44/kiwisolver-1.5.0-graalpy312-graalpy250_312_native-win_amd64.whl", hash = "sha256:1f1489f769582498610e015a8ef2d36f28f505ab3096d0e16b4858a9ec214f57", size = 75987, upload-time = "2026-03-09T13:15:39.65Z" },
]

[[package]]
name = "markupsafe"
version = "3.0.3"
source = { registry = "https://pypi.org/simple" }
sdist = { url = "https://files.pythonhosted.org/packages/7e/99/7690b6d4034fffd95959cbe0c02de8deb3098cc577c67bb6a24fe5d7caa7/markupsafe-3.0.3.tar.gz", hash = "sha256:722695808f4b6457b320fdc131280796bdceb04ab50fe1795cd540799ebe1698", size = 80313, upload-time = "2025-09-27T18:37:40.426Z" }
wheels = [
    { url = "https://files.pythonhosted.org/packages/5a/72/147da192e38635ada20e0a2e1a51cf8823d2119ce8883f7053879c2199b5/markupsafe-3.0.3-cp312-cp312-macosx_10_13_x86_64.whl", hash = "sha256:d53197da72cc091b024dd97249dfc7794d6a56530370992a5e1a08983ad9230e", size = 11615, upload-time = "2025-09-27T18:36:30.854Z" },
    { url = "https://files.pythonhosted.org/packages/9a/81/7e4e08678a1f98521201c3079f77db69fb552acd56067661f8c2f534a718/markupsafe-3.0.3-cp312-cp312-macosx_11_0_arm64.whl", hash = "sha256:1872df69a4de6aead3491198eaf13810b565bdbeec3ae2dc8780f14458ec73ce", size = 12020, upload-time = "2025-09-27T18:36:31.971Z" },
    { url = "https://files.pythonhosted.org/packages/1e/2c/799f4742efc39633a1b54a92eec4082e4f815314869865d876824c257c1e/markupsafe-3.0.3-cp312-cp312-manylinux2014_aarch64.manylinux_2_17_aarch64.manylinux_2_28_aarch64.whl", hash = "sha256:3a7e8ae81ae39e62a41ec302f972ba6ae23a5c5396c8e60113e9066ef893da0d", size = 24332, upload-time = "2025-09-27T18:36:32.813Z" },
    { url = "https://files.pythonhosted.org/packages/3c/2e/8d0c2ab90a8c1d9a24f0399058ab8519a3279d1bd4289511d74e909f060e/markupsafe-3.0.3-cp312-cp312-manylinux2014_x86_64.manylinux_2_17_x86_64.manylinux_2_28_x86_64.whl", hash = "sha256:d6dd0be5b5b189d31db7cda48b91d7e0a9795f31430b7f271219ab30f1d3ac9d", size = 22947, upload-time = "2025-09-27T18:36:33.86Z" },
    { url = "https://files.pythonhosted.org/packages/2c/54/887f3092a85238093a0b2154bd629c89444f395618842e8b0c41783898ea/markupsafe-3.0.3-cp312-cp312-manylinux_2_31_riscv64.manylinux_2_39_riscv64.whl", hash = "sha256:94c6f0bb423f739146aec64595853541634bde58b2135f27f61c1ffd1cd4d16a", size = 21962, upload-time = "2025-09-27T18:36:35.099Z" },
    { url = "https://files.pythonhosted.org/packages/c9/2f/336b8c7b6f4a4d95e91119dc8521402461b74a485558d8f238a68312f11c/markupsafe-3.0.3-cp312-cp312-musllinux_1_2_aarch64.whl", hash = "sha256:be8813b57049a7dc738189df53d69395eba14fb99345e0a5994914a3864c8a4b", size = 23760, upload-time = "2025-09-27T18:36:36.001Z" },
    { url = "https://files.pythonhosted.org/packages/32/43/67935f2b7e4982ffb50a4d169b724d74b62a3964bc1a9a527f5ac4f1ee2b/markupsafe-3.0.3-cp312-cp312-musllinux_1_2_riscv64.whl", hash = "sha256:83891d0e9fb81a825d9a6d61e3f07550ca70a076484292a70fde82c4b807286f", size = 21529, upload-time = "2025-09-27T18:36:36.906Z" },
    { url = "https://files.pythonhosted.org/packages/89/e0/4486f11e51bbba8b0c041098859e869e304d1c261e59244baa3d295d47b7/markupsafe-3.0.3-cp312-cp312-musllinux_1_2_x86_64.whl", hash = "sha256:77f0643abe7495da77fb436f50f8dab76dbc6e5fd25d39589a0f1fe6548bfa2b", size = 23015, upload-time = "2025-09-27T18:36:37.868Z" },
    { url = "https://files.pythonhosted.org/packages/2f/e1/78ee7a023dac597a5825441ebd17170785a9dab23de95d2c7508ade94e0e/markupsafe-3.0.3-cp312-cp312-win32.whl", hash = "sha256:d88b440e37a16e651bda4c7c2b930eb586fd15ca7406cb39e211fcff3bf3017d", size = 14540, upload-time = "2025-09-27T18:36:38.761Z" },
    { url = "https://files.pythonhosted.org/packages/aa/5b/bec5aa9bbbb2c946ca2733ef9c4ca91c91b6a24580193e891b5f7dbe8e1e/markupsafe-3.0.3-cp312-cp312-win_amd64.whl", hash = "sha256:26a5784ded40c9e318cfc2bdb30fe164bdb8665ded9cd64d500a34fb42067b1c", size = 15105, upload-time = "2025-09-27T18:36:39.701Z" },
    { url = "https://files.pythonhosted.org/packages/e5/f1/216fc1bbfd74011693a4fd837e7026152e89c4bcf3e77b6692fba9923123/markupsafe-3.0.3-cp312-cp312-win_arm64.whl", hash = "sha256:35add3b638a5d900e807944a078b51922212fb3dedb01633a8defc4b01a3c85f", size = 13906, upload-time = "2025-09-27T18:36:40.689Z" },
]

[[package]]
name = "matplotlib"
version = "3.10.9"
source = { registry = "https://pypi.org/simple" }
dependencies = [
    { name = "contourpy" },
    { name = "cycler" },
    { name = "fonttools" },
    { name = "kiwisolver" },
    { name = "numpy" },
    { name = "packaging" },
    { name = "pillow" },
    { name = "pyparsing" },
    { name = "python-dateutil" },
]
sdist = { url = "https://files.pythonhosted.org/packages/63/1b/4be5be87d43d327a0cf4de1a56e86f7f84c89312452406cf122efe2839e6/matplotlib-3.10.9.tar.gz", hash = "sha256:fd66508e8c6877d98e586654b608a0456db8d7e8a546eb1e2600efd957302358", size = 34811233, upload-time = "2026-04-24T00:14:13.539Z" }
wheels = [
    { url = "https://files.pythonhosted.org/packages/35/c6/5581e26c72233ebb2a2a6fed2d24fb7c66b4700120b813f51b0555acf0b6/matplotlib-3.10.9-cp312-cp312-macosx_10_13_x86_64.whl", hash = "sha256:f0c3c28d9fbcc1fe7a03be236d73430cf6409c41fb2383a7ac52fe932b072cb1", size = 8319908, upload-time = "2026-04-24T00:12:21.323Z" },
    { url = "https://files.pythonhosted.org/packages/b7/18/4880dd762e40cd360c1bf06e890c5a97b997e91cb324602b1a19950ad5ce/matplotlib-3.10.9-cp312-cp312-macosx_11_0_arm64.whl", hash = "sha256:41cb28c2bd769aa3e98322c6ab09854cbcc52ab69d2759d681bba3e327b2b320", size = 8216016, upload-time = "2026-04-24T00:12:23.4Z" },
    { url = "https://files.pythonhosted.org/packages/32/91/d024616abdba99e83120e07a20658976f6a343646710760c4a51df126029/matplotlib-3.10.9-cp312-cp312-manylinux2014_x86_64.manylinux_2_17_x86_64.whl", hash = "sha256:ae20801130378b82d647ff5047c07316295b68dc054ca6b3c13519d0ea624285", size = 8789336, upload-time = "2026-04-24T00:12:26.096Z" },
    { url = "https://files.pythonhosted.org/packages/5c/04/030a2f61ef2158f5e4c259487a92ac877732499fb33d871585d89e03c42d/matplotlib-3.10.9-cp312-cp312-manylinux_2_27_aarch64.manylinux_2_28_aarch64.whl", hash = "sha256:6c63ebcd8b4b169eb2f5c200552ae6b8be8999a005b6b507ed76fb8d7d674fe2", size = 9604602, upload-time = "2026-04-24T00:12:29.052Z" },
    { url = "https://files.pythonhosted.org/packages/fc/c2/541e4d09d87bb6b5830fc28b4c887a9a8cf4e1c6cee698a8c05552ae2003/matplotlib-3.10.9-cp312-cp312-musllinux_1_2_x86_64.whl", hash = "sha256:d75d11c949914165976c621b2324f9ef162af7ebf4b057ddf95dd1dba7e5edcf", size = 9670966, upload-time = "2026-04-24T00:12:32.131Z" },
    { url = "https://files.pythonhosted.org/packages/04/a1/4571fc46e7702de8d0c2dc54ad1b2f8e29328dea3ee90831181f7353d93c/matplotlib-3.10.9-cp312-cp312-win_amd64.whl", hash = "sha256:d091f9d758b34aaaaa6331d13574bf01891d903b3dec59bfff458ef7551de5d6", size = 8217462, upload-time = "2026-04-24T00:12:35.226Z" },
    { url = "https://files.pythonhosted.org/packages/4b/d0/2269edb12aa30c13c8bcc9382892e39943ce1d28aab4ec296e0381798e81/matplotlib-3.10.9-cp312-cp312-win_arm64.whl", hash = "sha256:10cc5ce06d10231c36f40e875f3c7e8050362a4ee8f0ee5d29a6b3277d57bb42", size = 8136688, upload-time = "2026-04-24T00:12:37.442Z" },
]

[[package]]
name = "networkx"
version = "3.6.1"
source = { registry = "https://pypi.org/simple" }
sdist = { url = "https://files.pythonhosted.org/packages/6a/51/63fe664f3908c97be9d2e4f1158eb633317598cfa6e1fc14af5383f17512/networkx-3.6.1.tar.gz", hash = "sha256:26b7c357accc0c8cde558ad486283728b65b6a95d85ee1cd66bafab4c8168509", size = 2517025, upload-time = "2025-12-08T17:02:39.908Z" }
wheels = [
    { url = "https://files.pythonhosted.org/packages/9e/c9/b2622292ea83fbb4ec318f5b9ab867d0a28ab43c5717bb85b0a5f6b3b0a4/networkx-3.6.1-py3-none-any.whl", hash = "sha256:d47fbf302e7d9cbbb9e2555a0d267983d2aa476bac30e90dfbe5669bd57f3762", size = 2068504, upload-time = "2025-12-08T17:02:38.159Z" },
]

[[package]]
name = "numpy"
version = "2.4.4"
source = { registry = "https://pypi.org/simple" }
sdist = { url = "https://files.pythonhosted.org/packages/d7/9f/b8cef5bffa569759033adda9481211426f12f53299629b410340795c2514/numpy-2.4.4.tar.gz", hash = "sha256:2d390634c5182175533585cc89f3608a4682ccb173cc9bb940b2881c8d6f8fa0", size = 20731587, upload-time = "2026-03-29T13:22:01.298Z" }
wheels = [
    { url = "https://files.pythonhosted.org/packages/28/05/32396bec30fb2263770ee910142f49c1476d08e8ad41abf8403806b520ce/numpy-2.4.4-cp312-cp312-macosx_10_13_x86_64.whl", hash = "sha256:15716cfef24d3a9762e3acdf87e27f58dc823d1348f765bbea6bef8c639bfa1b", size = 16689272, upload-time = "2026-03-29T13:18:49.223Z" },
    { url = "https://files.pythonhosted.org/packages/c5/f3/a983d28637bfcd763a9c7aafdb6d5c0ebf3d487d1e1459ffdb57e2f01117/numpy-2.4.4-cp312-cp312-macosx_11_0_arm64.whl", hash = "sha256:23cbfd4c17357c81021f21540da84ee282b9c8fba38a03b7b9d09ba6b951421e", size = 14699573, upload-time = "2026-03-29T13:18:52.629Z" },
    { url = "https://files.pythonhosted.org/packages/9b/fd/e5ecca1e78c05106d98028114f5c00d3eddb41207686b2b7de3e477b0e22/numpy-2.4.4-cp312-cp312-macosx_14_0_arm64.whl", hash = "sha256:8b3b60bb7cba2c8c81837661c488637eee696f59a877788a396d33150c35d842", size = 5204782, upload-time = "2026-03-29T13:18:55.579Z" },
    { url = "https://files.pythonhosted.org/packages/de/2f/702a4594413c1a8632092beae8aba00f1d67947389369b3777aed783fdca/numpy-2.4.4-cp312-cp312-macosx_14_0_x86_64.whl", hash = "sha256:e4a010c27ff6f210ff4c6ef34394cd61470d01014439b192ec22552ee867f2a8", size = 6552038, upload-time = "2026-03-29T13:18:57.769Z" },
    { url = "https://files.pythonhosted.org/packages/7f/37/eed308a8f56cba4d1fdf467a4fc67ef4ff4bf1c888f5fc980481890104b1/numpy-2.4.4-cp312-cp312-manylinux_2_27_aarch64.manylinux_2_28_aarch64.whl", hash = "sha256:f9e75681b59ddaa5e659898085ae0eaea229d054f2ac0c7e563a62205a700121", size = 15670666, upload-time = "2026-03-29T13:19:00.341Z" },
    { url = "https://files.pythonhosted.org/packages/0a/0d/0e3ecece05b7a7e87ab9fb587855548da437a061326fff64a223b6dcb78a/numpy-2.4.4-cp312-cp312-manylinux_2_27_x86_64.manylinux_2_28_x86_64.whl", hash = "sha256:81f4a14bee47aec54f883e0cad2d73986640c1590eb9bfaaba7ad17394481e6e", size = 16645480, upload-time = "2026-03-29T13:19:03.63Z" },
    { url = "https://files.pythonhosted.org/packages/34/49/f2312c154b82a286758ee2f1743336d50651f8b5195db18cdb63675ff649/numpy-2.4.4-cp312-cp312-musllinux_1_2_aarch64.whl", hash = "sha256:62d6b0f03b694173f9fcb1fb317f7222fd0b0b103e784c6549f5e53a27718c44", size = 17020036, upload-time = "2026-03-29T13:19:07.428Z" },
    { url = "https://files.pythonhosted.org/packages/7b/e9/736d17bd77f1b0ec4f9901aaec129c00d59f5d84d5e79bba540ef12c2330/numpy-2.4.4-cp312-cp312-musllinux_1_2_x86_64.whl", hash = "sha256:fbc356aae7adf9e6336d336b9c8111d390a05df88f1805573ebb0807bd06fd1d", size = 18368643, upload-time = "2026-03-29T13:19:10.775Z" },
    { url = "https://files.pythonhosted.org/packages/63/f6/d417977c5f519b17c8a5c3bc9e8304b0908b0e21136fe43bf628a1343914/numpy-2.4.4-cp312-cp312-win32.whl", hash = "sha256:0d35aea54ad1d420c812bfa0385c71cd7cc5bcf7c65fed95fc2cd02fe8c79827", size = 5961117, upload-time = "2026-03-29T13:19:13.464Z" },
    { url = "https://files.pythonhosted.org/packages/2d/5b/e1deebf88ff431b01b7406ca3583ab2bbb90972bbe1c568732e49c844f7e/numpy-2.4.4-cp312-cp312-win_amd64.whl", hash = "sha256:b5f0362dc928a6ecd9db58868fca5e48485205e3855957bdedea308f8672ea4a", size = 12320584, upload-time = "2026-03-29T13:19:16.155Z" },
    { url = "https://files.pythonhosted.org/packages/58/89/e4e856ac82a68c3ed64486a544977d0e7bdd18b8da75b78a577ca31c4395/numpy-2.4.4-cp312-cp312-win_arm64.whl", hash = "sha256:846300f379b5b12cc769334464656bc882e0735d27d9726568bc932fdc49d5ec", size = 10221450, upload-time = "2026-03-29T13:19:18.994Z" },
]

[[package]]
name = "packaging"
version = "26.2"
source = { registry = "https://pypi.org/simple" }
sdist = { url = "https://files.pythonhosted.org/packages/d7/f1/e7a6dd94a8d4a5626c03e4e99c87f241ba9e350cd9e6d75123f992427270/packaging-26.2.tar.gz", hash = "sha256:ff452ff5a3e828ce110190feff1178bb1f2ea2281fa2075aadb987c2fb221661", size = 228134, upload-time = "2026-04-24T20:15:23.917Z" }
wheels = [
    { url = "https://files.pythonhosted.org/packages/df/b2/87e62e8c3e2f4b32e5fe99e0b86d576da1312593b39f47d8ceef365e95ed/packaging-26.2-py3-none-any.whl", hash = "sha256:5fc45236b9446107ff2415ce77c807cee2862cb6fac22b8a73826d0693b0980e", size = 100195, upload-time = "2026-04-24T20:15:22.081Z" },
]

[[package]]
name = "pandas"
version = "3.0.2"
source = { registry = "https://pypi.org/simple" }
dependencies = [
    { name = "numpy" },
    { name = "python-dateutil" },
    { name = "tzdata", marker = "sys_platform == 'emscripten' or sys_platform == 'win32'" },
]
sdist = { url = "https://files.pythonhosted.org/packages/da/99/b342345300f13440fe9fe385c3c481e2d9a595ee3bab4d3219247ac94e9a/pandas-3.0.2.tar.gz", hash = "sha256:f4753e73e34c8d83221ba58f232433fca2748be8b18dbca02d242ed153945043", size = 4645855, upload-time = "2026-03-31T06:48:30.816Z" }
wheels = [
    { url = "https://files.pythonhosted.org/packages/f3/b0/c20bd4d6d3f736e6bd6b55794e9cd0a617b858eaad27c8f410ea05d953b7/pandas-3.0.2-cp312-cp312-macosx_10_13_x86_64.whl", hash = "sha256:232a70ebb568c0c4d2db4584f338c1577d81e3af63292208d615907b698a0f18", size = 10347921, upload-time = "2026-03-31T06:46:33.36Z" },
    { url = "https://files.pythonhosted.org/packages/35/d0/4831af68ce30cc2d03c697bea8450e3225a835ef497d0d70f31b8cdde965/pandas-3.0.2-cp312-cp312-macosx_11_0_arm64.whl", hash = "sha256:970762605cff1ca0d3f71ed4f3a769ea8f85fc8e6348f6e110b8fea7e6eb5a14", size = 9888127, upload-time = "2026-03-31T06:46:36.253Z" },
    { url = "https://files.pythonhosted.org/packages/61/a9/16ea9346e1fc4a96e2896242d9bc674764fb9049b0044c0132502f7a771e/pandas-3.0.2-cp312-cp312-manylinux_2_24_aarch64.manylinux_2_28_aarch64.whl", hash = "sha256:aff4e6f4d722e0652707d7bcb190c445fe58428500c6d16005b02401764b1b3d", size = 10399577, upload-time = "2026-03-31T06:46:39.224Z" },
    { url = "https://files.pythonhosted.org/packages/c4/a8/3a61a721472959ab0ce865ef05d10b0d6bfe27ce8801c99f33d4fa996e65/pandas-3.0.2-cp312-cp312-manylinux_2_24_x86_64.manylinux_2_28_x86_64.whl", hash = "sha256:ef8b27695c3d3dc78403c9a7d5e59a62d5464a7e1123b4e0042763f7104dc74f", size = 10880030, upload-time = "2026-03-31T06:46:42.412Z" },
    { url = "https://files.pythonhosted.org/packages/da/65/7225c0ea4d6ce9cb2160a7fb7f39804871049f016e74782e5dade4d14109/pandas-3.0.2-cp312-cp312-musllinux_1_2_aarch64.whl", hash = "sha256:f8d68083e49e16b84734eb1a4dcae4259a75c90fb6e2251ab9a00b61120c06ab", size = 11409468, upload-time = "2026-03-31T06:46:45.2Z" },
    { url = "https://files.pythonhosted.org/packages/fa/5b/46e7c76032639f2132359b5cf4c785dd8cf9aea5ea64699eac752f02b9db/pandas-3.0.2-cp312-cp312-musllinux_1_2_x86_64.whl", hash = "sha256:32cc41f310ebd4a296d93515fcac312216adfedb1894e879303987b8f1e2b97d", size = 11936381, upload-time = "2026-03-31T06:46:48.293Z" },
    { url = "https://files.pythonhosted.org/packages/7b/8b/721a9cff6fa6a91b162eb51019c6243b82b3226c71bb6c8ef4a9bd65cbc6/pandas-3.0.2-cp312-cp312-win_amd64.whl", hash = "sha256:a4785e1d6547d8427c5208b748ae2efb64659a21bd82bf440d4262d02bfa02a4", size = 9744993, upload-time = "2026-03-31T06:46:51.488Z" },
    { url = "https://files.pythonhosted.org/packages/d5/18/7f0bd34ae27b28159aa80f2a6799f47fda34f7fb938a76e20c7b7fe3b200/pandas-3.0.2-cp312-cp312-win_arm64.whl", hash = "sha256:08504503f7101300107ecdc8df73658e4347586db5cfdadabc1592e9d7e7a0fd", size = 9056118, upload-time = "2026-03-31T06:46:54.548Z" },
]

[[package]]
name = "pillow"
version = "12.2.0"
source = { registry = "https://pypi.org/simple" }
sdist = { url = "https://files.pythonhosted.org/packages/8c/21/c2bcdd5906101a30244eaffc1b6e6ce71a31bd0742a01eb89e660ebfac2d/pillow-12.2.0.tar.gz", hash = "sha256:a830b1a40919539d07806aa58e1b114df53ddd43213d9c8b75847eee6c0182b5", size = 46987819, upload-time = "2026-04-01T14:46:17.687Z" }
wheels = [
    { url = "https://files.pythonhosted.org/packages/58/be/7482c8a5ebebbc6470b3eb791812fff7d5e0216c2be3827b30b8bb6603ed/pillow-12.2.0-cp312-cp312-macosx_10_13_x86_64.whl", hash = "sha256:2d192a155bbcec180f8564f693e6fd9bccff5a7af9b32e2e4bf8c9c69dbad6b5", size = 5308279, upload-time = "2026-04-01T14:43:13.246Z" },
    { url = "https://files.pythonhosted.org/packages/d8/95/0a351b9289c2b5cbde0bacd4a83ebc44023e835490a727b2a3bd60ddc0f4/pillow-12.2.0-cp312-cp312-macosx_11_0_arm64.whl", hash = "sha256:f3f40b3c5a968281fd507d519e444c35f0ff171237f4fdde090dd60699458421", size = 4695490, upload-time = "2026-04-01T14:43:15.584Z" },
    { url = "https://files.pythonhosted.org/packages/de/af/4e8e6869cbed569d43c416fad3dc4ecb944cb5d9492defaed89ddd6fe871/pillow-12.2.0-cp312-cp312-manylinux2014_aarch64.manylinux_2_17_aarch64.whl", hash = "sha256:03e7e372d5240cc23e9f07deca4d775c0817bffc641b01e9c3af208dbd300987", size = 6284462, upload-time = "2026-04-01T14:43:18.268Z" },
    { url = "https://files.pythonhosted.org/packages/e9/9e/c05e19657fd57841e476be1ab46c4d501bffbadbafdc31a6d665f8b737b6/pillow-12.2.0-cp312-cp312-manylinux2014_x86_64.manylinux_2_17_x86_64.whl", hash = "sha256:b86024e52a1b269467a802258c25521e6d742349d760728092e1bc2d135b4d76", size = 8094744, upload-time = "2026-04-01T14:43:20.716Z" },
    { url = "https://files.pythonhosted.org/packages/2b/54/1789c455ed10176066b6e7e6da1b01e50e36f94ba584dc68d9eebfe9156d/pillow-12.2.0-cp312-cp312-manylinux_2_27_aarch64.manylinux_2_28_aarch64.whl", hash = "sha256:7371b48c4fa448d20d2714c9a1f775a81155050d383333e0a6c15b1123dda005", size = 6398371, upload-time = "2026-04-01T14:43:23.443Z" },
    { url = "https://files.pythonhosted.org/packages/43/e3/fdc657359e919462369869f1c9f0e973f353f9a9ee295a39b1fea8ee1a77/pillow-12.2.0-cp312-cp312-manylinux_2_27_x86_64.manylinux_2_28_x86_64.whl", hash = "sha256:62f5409336adb0663b7caa0da5c7d9e7bdbaae9ce761d34669420c2a801b2780", size = 7087215, upload-time = "2026-04-01T14:43:26.758Z" },
    { url = "https://files.pythonhosted.org/packages/8b/f8/2f6825e441d5b1959d2ca5adec984210f1ec086435b0ed5f52c19b3b8a6e/pillow-12.2.0-cp312-cp312-musllinux_1_2_aarch64.whl", hash = "sha256:01afa7cf67f74f09523699b4e88c73fb55c13346d212a59a2db1f86b0a63e8c5", size = 6509783, upload-time = "2026-04-01T14:43:29.56Z" },
    { url = "https://files.pythonhosted.org/packages/67/f9/029a27095ad20f854f9dba026b3ea6428548316e057e6fc3545409e86651/pillow-12.2.0-cp312-cp312-musllinux_1_2_x86_64.whl", hash = "sha256:fc3d34d4a8fbec3e88a79b92e5465e0f9b842b628675850d860b8bd300b159f5", size = 7212112, upload-time = "2026-04-01T14:43:32.091Z" },
    { url = "https://files.pythonhosted.org/packages/be/42/025cfe05d1be22dbfdb4f264fe9de1ccda83f66e4fc3aac94748e784af04/pillow-12.2.0-cp312-cp312-win32.whl", hash = "sha256:58f62cc0f00fd29e64b29f4fd923ffdb3859c9f9e6105bfc37ba1d08994e8940", size = 6378489, upload-time = "2026-04-01T14:43:34.601Z" },
    { url = "https://files.pythonhosted.org/packages/5d/7b/25a221d2c761c6a8ae21bfa3874988ff2583e19cf8a27bf2fee358df7942/pillow-12.2.0-cp312-cp312-win_amd64.whl", hash = "sha256:7f84204dee22a783350679a0333981df803dac21a0190d706a50475e361c93f5", size = 7084129, upload-time = "2026-04-01T14:43:37.213Z" },
    { url = "https://files.pythonhosted.org/packages/10/e1/542a474affab20fd4a0f1836cb234e8493519da6b76899e30bcc5d990b8b/pillow-12.2.0-cp312-cp312-win_arm64.whl", hash = "sha256:af73337013e0b3b46f175e79492d96845b16126ddf79c438d7ea7ff27783a414", size = 2463612, upload-time = "2026-04-01T14:43:39.421Z" },
]

[[package]]
name = "pyparsing"
version = "3.3.2"
source = { registry = "https://pypi.org/simple" }
sdist = { url = "https://files.pythonhosted.org/packages/f3/91/9c6ee907786a473bf81c5f53cf703ba0957b23ab84c264080fb5a450416f/pyparsing-3.3.2.tar.gz", hash = "sha256:c777f4d763f140633dcb6d8a3eda953bf7a214dc4eff598413c070bcdc117cbc", size = 6851574, upload-time = "2026-01-21T03:57:59.36Z" }
wheels = [
    { url = "https://files.pythonhosted.org/packages/10/bd/c038d7cc38edc1aa5bf91ab8068b63d4308c66c4c8bb3cbba7dfbc049f9c/pyparsing-3.3.2-py3-none-any.whl", hash = "sha256:850ba148bd908d7e2411587e247a1e4f0327839c40e2e5e6d05a007ecc69911d", size = 122781, upload-time = "2026-01-21T03:57:55.912Z" },
]

[[package]]
name = "python-dateutil"
version = "2.9.0.post0"
source = { registry = "https://pypi.org/simple" }
dependencies = [
    { name = "six" },
]
sdist = { url = "https://files.pythonhosted.org/packages/66/c0/0c8b6ad9f17a802ee498c46e004a0eb49bc148f2fd230864601a86dcf6db/python-dateutil-2.9.0.post0.tar.gz", hash = "sha256:37dd54208da7e1cd875388217d5e00ebd4179249f90fb72437e91a35459a0ad3", size = 342432, upload-time = "2024-03-01T18:36:20.211Z" }
wheels = [
    { url = "https://files.pythonhosted.org/packages/ec/57/56b9bcc3c9c6a792fcbaf139543cee77261f3651ca9da0c93f5c1221264b/python_dateutil-2.9.0.post0-py2.py3-none-any.whl", hash = "sha256:a8b2bc7bffae282281c8140a97d3aa9c14da0b136dfe83f850eea9a5f7470427", size = 229892, upload-time = "2024-03-01T18:36:18.57Z" },
]

[[package]]
name = "seaborn"
version = "0.13.2"
source = { registry = "https://pypi.org/simple" }
dependencies = [
    { name = "matplotlib" },
    { name = "numpy" },
    { name = "pandas" },
]
sdist = { url = "https://files.pythonhosted.org/packages/86/59/a451d7420a77ab0b98f7affa3a1d78a313d2f7281a57afb1a34bae8ab412/seaborn-0.13.2.tar.gz", hash = "sha256:93e60a40988f4d65e9f4885df477e2fdaff6b73a9ded434c1ab356dd57eefff7", size = 1457696, upload-time = "2024-01-25T13:21:52.551Z" }
wheels = [
    { url = "https://files.pythonhosted.org/packages/83/11/00d3c3dfc25ad54e731d91449895a79e4bf2384dc3ac01809010ba88f6d5/seaborn-0.13.2-py3-none-any.whl", hash = "sha256:636f8336facf092165e27924f223d3c62ca560b1f2bb5dff7ab7fad265361987", size = 294914, upload-time = "2024-01-25T13:21:49.598Z" },
]

[[package]]
name = "six"
version = "1.17.0"
source = { registry = "https://pypi.org/simple" }
sdist = { url = "https://files.pythonhosted.org/packages/94/e7/b2c673351809dca68a0e064b6af791aa332cf192da575fd474ed7d6f16a2/six-1.17.0.tar.gz", hash = "sha256:ff70335d468e7eb6ec65b95b99d3a2836546063f63acc5171de367e834932a81", size = 34031, upload-time = "2024-12-04T17:35:28.174Z" }
wheels = [
    { url = "https://files.pythonhosted.org/packages/b7/ce/149a00dd41f10bc29e5921b496af8b574d8413afcd5e30dfa0ed46c2cc5e/six-1.17.0-py2.py3-none-any.whl", hash = "sha256:4721f391ed90541fddacab5acf947aa0d3dc7d27b2e1e8eda2be8970586c3274", size = 11050, upload-time = "2024-12-04T17:35:26.475Z" },
]

[[package]]
name = "tzdata"
version = "2026.2"
source = { registry = "https://pypi.org/simple" }
sdist = { url = "https://files.pythonhosted.org/packages/ba/19/1b9b0e29f30c6d35cb345486df41110984ea67ae69dddbc0e8a100999493/tzdata-2026.2.tar.gz", hash = "sha256:9173fde7d80d9018e02a662e168e5a2d04f87c41ea174b139fbef642eda62d10", size = 198254, upload-time = "2026-04-24T15:22:08.651Z" }
wheels = [
    { url = "https://files.pythonhosted.org/packages/ce/e4/dccd7f47c4b64213ac01ef921a1337ee6e30e8c6466046018326977efd95/tzdata-2026.2-py2.py3-none-any.whl", hash = "sha256:bbe9af844f658da81a5f95019480da3a89415801f6cc966806612cc7169bffe7", size = 349321, upload-time = "2026-04-24T15:22:05.876Z" },
]
